// !$*UTF8*$!
{
	archiveVersion = 1;
	classes = {
	};
	objectVersion = 77;
	objects = {

/* Begin PBXBuildFile section */
		00760E4EB5F0D3170EB16F1D /* AIChatView.swift in Sources */ = {isa = PBXBuildFile; fileRef = 15DC1B3735C2E1C0321A8F01 /* AIChatView.swift */; };
		0362F30C6A3AB582D90240D1 /* CursorTrackingView.swift in Sources */ = {isa = PBXBuildFile; fileRef = CAED9E2A18A12DF28633AD06 /* CursorTrackingView.swift */; };
		03809DE46068B1249B9E3FB6 /* BibliographicRecord.swift in Sources */ = {isa = PBXBuildFile; fileRef = D8B83A592C289026BD042DF0 /* BibliographicRecord.swift */; };
		05BEB1132419192A0628D22C /* CodexAppServerProvider.swift in Sources */ = {isa = PBXBuildFile; fileRef = 132E2E5C613948B597078E88 /* CodexAppServerProvider.swift */; };
		05DC7906E8C40724A4AD9E41 /* RecentTeXFilesStore.swift in Sources */ = {isa = PBXBuildFile; fileRef = 1CCFB1D31C977634472B234D /* RecentTeXFilesStore.swift */; };
		068F8F649D14185E05258883 /* TextNoteEditorView.swift in Sources */ = {isa = PBXBuildFile; fileRef = D9374D4066FF6C281C46D277 /* TextNoteEditorView.swift */; };
		06EE728427877B00AFBB8D0A /* PaperRowView.swift in Sources */ = {isa = PBXBuildFile; fileRef = 6F5330808F861EA6C2686A88 /* PaperRowView.swift */; };
		085341ECE38ECACB0EC9A1E7 /* CodeOutputWorkspace.swift in Sources */ = {isa = PBXBuildFile; fileRef = C2168A22984A0573806D7375 /* CodeOutputWorkspace.swift */; };
		08926612CCC6A55BF2B361C5 /* BibliographyCommands.swift in Sources */ = {isa = PBXBuildFile; fileRef = AC183AA81BFC67D388569EAC /* BibliographyCommands.swift */; };
		08C11D9AD3D55B9EEECCD694 /* AnnotationTool.swift in Sources */ = {isa = PBXBuildFile; fileRef = 083BC2D172129785C6152114 /* AnnotationTool.swift */; };
		095E8A059F42ED68E68962F4 /* MarkdownBlockView.swift in Sources */ = {isa = PBXBuildFile; fileRef = 81D97CEA0194F1F4829E2E11 /* MarkdownBlockView.swift */; };
		0C3042306404BE1982B18799 /* LaTeXToolbarComponents.swift in Sources */ = {isa = PBXBuildFile; fileRef = 13A9A2F1AF101D865F019ED8 /* LaTeXToolbarComponents.swift */; };
		11C7CAFDE5222CAEB518DCE8 /* AnnotationColor.swift in Sources */ = {isa = PBXBuildFile; fileRef = AAA8E9FC6B60137A6822B07A /* AnnotationColor.swift */; };
		14482E7BB530827BBA82E7B1 /* PDFReaderView.swift in Sources */ = {isa = PBXBuildFile; fileRef = BF2088594C9985A874B328F3 /* PDFReaderView.swift */; };
		197D9DDD43AACFF32FEA8A22 /* PaperCollection.swift in Sources */ = {isa = PBXBuildFile; fileRef = 990C6DE7DF5D83B0FEF46EE9 /* PaperCollection.swift */; };
		1B24B40C25F526C875AF959A /* ClaudeService.swift in Sources */ = {isa = PBXBuildFile; fileRef = 1F0E3A4CBD7E0C8753DA44D0 /* ClaudeService.swift */; };
		1CF349C784559A1A75E1E643 /* WorkspaceState.swift in Sources */ = {isa = PBXBuildFile; fileRef = 96986385B4F523201C2ACD51 /* WorkspaceState.swift */; };
		1FA7680F94F064DD280D7C61 /* ArtifactSupport.swift in Sources */ = {isa = PBXBuildFile; fileRef = 3DEAC7B9756A5000BDA58583 /* ArtifactSupport.swift */; };
		20EEBD23B2A917649748661B /* PaperInfoPanel.swift in Sources */ = {isa = PBXBuildFile; fileRef = 8096F8CCCE9D2A4786D22D0D /* PaperInfoPanel.swift */; };
		21F48FB74A057ABF3322903A /* LaTeXAnnotation.swift in Sources */ = {isa = PBXBuildFile; fileRef = 75DB6386D580EA00D1FCBD94 /* LaTeXAnnotation.swift */; };
		24F2D588DE8FEC5A8627F220 /* PaperListView.swift in Sources */ = {isa = PBXBuildFile; fileRef = 99A2DC0425870E2AB2A007BD /* PaperListView.swift */; };
		279F6A45E8847EC75E797096 /* LaTeXUnicode.swift in Sources */ = {isa = PBXBuildFile; fileRef = 0E1AB66B0A3B251CFA072C38 /* LaTeXUnicode.swift */; };
		2B1F7F187BE645AE4D93C400 /* UnifiedEditorAnnotations.swift in Sources */ = {isa = PBXBuildFile; fileRef = D85697D00C8144CC24AF7621 /* UnifiedEditorAnnotations.swift */; };
		2CC9CDCA03E977B2FAB69601 /* AnnotationToolbar.swift in Sources */ = {isa = PBXBuildFile; fileRef = 1906D7A3427DFFCE569C97C8 /* AnnotationToolbar.swift */; };
		2FAB80B0254720625815F0CD /* UnifiedEditorExecutionActions.swift in Sources */ = {isa = PBXBuildFile; fileRef = ED0AD2020FB30E831985E99C /* UnifiedEditorExecutionActions.swift */; };
		3AAF798637E4A87DB4061B44 /* FileBrowserView.swift in Sources */ = {isa = PBXBuildFile; fileRef = 32C6E1C98265B6FD8F69A4D6 /* FileBrowserView.swift */; };
		3B3A24AE001C83466A0A4F5E /* diff-match-patch in Frameworks */ = {isa = PBXBuildFile; productRef = A22AFD7EEA6F3B484C6AE288 /* diff-match-patch */; };
		3C6F9350D0458B3FC6F28B68 /* LaTeXAnnotationNoteSheet.swift in Sources */ = {isa = PBXBuildFile; fileRef = 49047073DF53BF3E31133AC2 /* LaTeXAnnotationNoteSheet.swift */; };
		3C7F8F4C59A8487A06693974 /* ReferencePDFComponents.swift in Sources */ = {isa = PBXBuildFile; fileRef = 453D812A98854A78635A8BA6 /* ReferencePDFComponents.swift */; };
		42AD09DF307CDFE216658713 /* RichMarkdownView.swift in Sources */ = {isa = PBXBuildFile; fileRef = 221ACF8C5634C933DA0ACD86 /* RichMarkdownView.swift */; };
		42CAC4A87F086C53AE16C27E /* EditorDocumentState.swift in Sources */ = {isa = PBXBuildFile; fileRef = B92D6B1F6294DD6EDD6414C0 /* EditorDocumentState.swift */; };
		447727A09D887EC79884B52C /* CitationKeyService.swift in Sources */ = {isa = PBXBuildFile; fileRef = 07E3E32FED9791404F430AF7 /* CitationKeyService.swift */; };
		45740871ADDE8C1D2A6BFAEC /* PDFDocumentRepository.swift in Sources */ = {isa = PBXBuildFile; fileRef = EFB6E522EEF43A3E8AF22C24 /* PDFDocumentRepository.swift */; };
		46604D86F75C2FA8E8CFF70B /* NavigationTypes.swift in Sources */ = {isa = PBXBuildFile; fileRef = 046014EEA7227AD6E73526F5 /* NavigationTypes.swift */; };
		47901DCCA17ED3B6787099A7 /* SidebarView.swift in Sources */ = {isa = PBXBuildFile; fileRef = 650A9684E43A16704D17EB30 /* SidebarView.swift */; };
		4924B513DC2546A11533638F /* MarkdownLiveEditor.swift in Sources */ = {isa = PBXBuildFile; fileRef = 28C43470BF6EC95273414A17 /* MarkdownLiveEditor.swift */; };
		4C5AB91C6BB49CDBBDFE77CE /* ChildProcessRegistry.swift in Sources */ = {isa = PBXBuildFile; fileRef = 4BF6482676052643C5005496 /* ChildProcessRegistry.swift */; };
		4D2D63AF6E577FBCB73067AA /* BibliographyExportService.swift in Sources */ = {isa = PBXBuildFile; fileRef = 0B21195D75607F345C56AE4B /* BibliographyExportService.swift */; };
		5417CF5CFD9C6A163238399D /* ProcessSupport.swift in Sources */ = {isa = PBXBuildFile; fileRef = 59B07E152FE9E2BF485A696A /* ProcessSupport.swift */; };
		563C0ED08E10FB592419D207 /* LaTeXCompiler.swift in Sources */ = {isa = PBXBuildFile; fileRef = FAD312ECC61638F9C7416BE7 /* LaTeXCompiler.swift */; };
		5758CFDE7E5BD7CDB63CE42D /* MainWindow.swift in Sources */ = {isa = PBXBuildFile; fileRef = 5BA67F9267B7A075D1567ECE /* MainWindow.swift */; };
		58BE54C5E0F8743CAD064A0B /* BridgeCommandWatcher.swift in Sources */ = {isa = PBXBuildFile; fileRef = 65641D21C00AF173744B276C /* BridgeCommandWatcher.swift */; };
		5A5C3C970350B253F747E628 /* ClaudeIDESelectionState.swift in Sources */ = {isa = PBXBuildFile; fileRef = CE7CABB496A722FDA2F4D18E /* ClaudeIDESelectionState.swift */; };
		5C28940D18AE2A973DBCCA3C /* Assets.xcassets in Resources */ = {isa = PBXBuildFile; fileRef = CF070FD58C3AF62DE1BB997D /* Assets.xcassets */; };
		5D74AA253AD2BD102297AA51 /* MarkdownFormatting.swift in Sources */ = {isa = PBXBuildFile; fileRef = 6E2E074A291DEEC80A5C0346 /* MarkdownFormatting.swift */; };
		5F0DBB2FD861D5AD77E6ADC2 /* MarkdownEditorPreviewView.swift in Sources */ = {isa = PBXBuildFile; fileRef = 8E8747D09D0D2598E0346790 /* MarkdownEditorPreviewView.swift */; };
		676D9C605B9AB759B62B8459 /* ShapeAnnotations.swift in Sources */ = {isa = PBXBuildFile; fileRef = 86E472B4EC8C837F4FB0A749 /* ShapeAnnotations.swift */; };
		6A172AE0DDA83B7FF8F8B41D /* UnifiedEditorFileOperations.swift in Sources */ = {isa = PBXBuildFile; fileRef = 012CED37B0EE64872AC05361 /* UnifiedEditorFileOperations.swift */; };
		6E893E157652FF2DAAB5111D /* BibliographyCommandRouter.swift in Sources */ = {isa = PBXBuildFile; fileRef = 82008C95D05B12E56942D883 /* BibliographyCommandRouter.swift */; };
		6E95467401766C2F88815BCD /* LaTeXEditorReferenceActions.swift in Sources */ = {isa = PBXBuildFile; fileRef = 6618946B15E66FCAD408426A /* LaTeXEditorReferenceActions.swift */; };
		70C75ABE02D9FD0C5D3AF412 /* HeadlessChatProviding.swift in Sources */ = {isa = PBXBuildFile; fileRef = 3DA16CAB845F1F4C1A1223DD /* HeadlessChatProviding.swift */; };
		739882E43B9635963527D1DA /* AppStrings.swift in Sources */ = {isa = PBXBuildFile; fileRef = 8916363DC1E3690D34899077 /* AppStrings.swift */; };
		777E23C22D1D291C6EF3A714 /* UnifiedEditorView.swift in Sources */ = {isa = PBXBuildFile; fileRef = F170D57B17CC00EA3EC557CD /* UnifiedEditorView.swift */; };
		7C8E8AF16DD8ABF9EF0C6FAE /* DiffEngine.swift in Sources */ = {isa = PBXBuildFile; fileRef = 888AB1D2ECB6F588E3C27898 /* DiffEngine.swift */; };
		83AB14EC9BBFAD46A828C0E0 /* SessionPickerView.swift in Sources */ = {isa = PBXBuildFile; fileRef = 123E29AEB8DFB9A9FE4DFD2D /* SessionPickerView.swift */; };
		8C3DEB6B453AF51C97EC537C /* ServiceParsingTests.swift in Sources */ = {isa = PBXBuildFile; fileRef = FB24F2BDDAE23B5540AA08A1 /* ServiceParsingTests.swift */; };
		8EC45354A9C24F26EB85A9D8 /* SwiftDataAndExportTests.swift in Sources */ = {isa = PBXBuildFile; fileRef = 78FF97BD833198CF2E966616 /* SwiftDataAndExportTests.swift */; };
		8FBB128A8486932DA0C8BCDC /* ChatSpinner.swift in Sources */ = {isa = PBXBuildFile; fileRef = DD29038B45F072F61CB07A2F /* ChatSpinner.swift */; };
		8FF2D8D280A74E5EA19E0F24 /* InteractivePDFView.swift in Sources */ = {isa = PBXBuildFile; fileRef = 2E5778DD51ECC862B0E522E3 /* InteractivePDFView.swift */; };
		949854277CCAA69A13D285BF /* AnnotationCursorFactory.swift in Sources */ = {isa = PBXBuildFile; fileRef = D8FD75E4A5D68AC9725D6DFD /* AnnotationCursorFactory.swift */; };
		992B2AE06A1940F4E500F096 /* WorkspaceSessionStore.swift in Sources */ = {isa = PBXBuildFile; fileRef = C57612B1DBD072F8ECA3D83D /* WorkspaceSessionStore.swift */; };
		9954FA03F5616D657AB55EA2 /* CanopeContextFiles.swift in Sources */ = {isa = PBXBuildFile; fileRef = 9B877091A70654C98A33D25D /* CanopeContextFiles.swift */; };
		9B97BD5EED1DE5B084284D09 /* LaTeXUIState.swift in Sources */ = {isa = PBXBuildFile; fileRef = 10CEB9D3C002C939383D24AB /* LaTeXUIState.swift */; };
		9D883E9407E041B255B54B3C /* PDFAnnotationMarkdownExporter.swift in Sources */ = {isa = PBXBuildFile; fileRef = 4DC4699D30A80C554574BB3A /* PDFAnnotationMarkdownExporter.swift */; };
		9F067A1CA62636C40A701D9C /* ClaudeHeadlessProvider.swift in Sources */ = {isa = PBXBuildFile; fileRef = 9516CD22BCEDBB5CEC7272F9 /* ClaudeHeadlessProvider.swift */; };
		A10BF479A0655F2FB695D7EB /* canope_claude_ide_bridge.py in Resources */ = {isa = PBXBuildFile; fileRef = 072AB3955BD28ED994A248C2 /* canope_claude_ide_bridge.py */; };
		A3D3FF987F65AFE09623739A /* PDFPreviewView.swift in Sources */ = {isa = PBXBuildFile; fileRef = 38C3B2C3057BF4BF27EA2E49 /* PDFPreviewView.swift */; };
		A605E18AA76EE105F898A2AE /* LaTeXEditorPDFPane.swift in Sources */ = {isa = PBXBuildFile; fileRef = 9A1D81331F539462C7C3673E /* LaTeXEditorPDFPane.swift */; };
		A6F49C0AA6B11002FE08720F /* SplitViewGrabHelper.swift in Sources */ = {isa = PBXBuildFile; fileRef = 68AF170C9C8810841C98EC66 /* SplitViewGrabHelper.swift */; };
		A9928870D20F145473EB59BA /* RatingView.swift in Sources */ = {isa = PBXBuildFile; fileRef = 87C72B0AB2DE4CB5ADFBD4F4 /* RatingView.swift */; };
		AB47630463A76B43C287698A /* PDFKitView.swift in Sources */ = {isa = PBXBuildFile; fileRef = F49AD7E417225E7720D493C5 /* PDFKitView.swift */; };
		AC71B1B032FCC7FC91511099 /* MarkdownPreviewRenderer.swift in Sources */ = {isa = PBXBuildFile; fileRef = E33D2548F1DC7AA906538177 /* MarkdownPreviewRenderer.swift */; };
		B029D2C9BAE9A10FEF614973 /* ChatMessage.swift in Sources */ = {isa = PBXBuildFile; fileRef = B6863275D849EA554D73845B /* ChatMessage.swift */; };
		B16CD80407DDAF29CB6A131C /* PDFFileManager.swift in Sources */ = {isa = PBXBuildFile; fileRef = 0A4DC9894C16B5FB4C79B498 /* PDFFileManager.swift */; };
		B19CA309BF8858244F4FDCE8 /* LaTeXEditorAnnotationExport.swift in Sources */ = {isa = PBXBuildFile; fileRef = B57071B4DCB48AFE3F0C4E19 /* LaTeXEditorAnnotationExport.swift */; };
		BA1CC7C393692A6F0E92B75E /* ClaudeIDEBridgeService.swift in Sources */ = {isa = PBXBuildFile; fileRef = 46E0CF6500C50097F0D77FF5 /* ClaudeIDEBridgeService.swift */; };
		BA26CC6387AE6CC2E7447200 /* LaTeXTextEditor.swift in Sources */ = {isa = PBXBuildFile; fileRef = 64494B3369625558447F0913 /* LaTeXTextEditor.swift */; };
		BA4F8E1EC05941E3D78F64CF /* LibraryView.swift in Sources */ = {isa = PBXBuildFile; fileRef = DB6807CBA5694C83AE1A3317 /* LibraryView.swift */; };
		BAA58AD3F47FBC5419FD4533 /* ThreePaneLayout.swift in Sources */ = {isa = PBXBuildFile; fileRef = 6E3551EFCEDED294A25C2CF8 /* ThreePaneLayout.swift */; };
		BAC7E6254D074088B2207B2B /* MainWindowTabController.swift in Sources */ = {isa = PBXBuildFile; fileRef = 27294933C87499758E8F72AD /* MainWindowTabController.swift */; };
		BE3D76265A86CFFB2CE2A157 /* AIHeadlessProvider.swift in Sources */ = {isa = PBXBuildFile; fileRef = B4E7451D1F83D2C977E175D1 /* AIHeadlessProvider.swift */; };
		BF63157CD6C69DE2472A3C0B /* MetadataExtractor.swift in Sources */ = {isa = PBXBuildFile; fileRef = F63CE44FF6158ED19809BED5 /* MetadataExtractor.swift */; };
		C0CCD66691C04566F42D8A46 /* PaperTableView.swift in Sources */ = {isa = PBXBuildFile; fileRef = 9150735813E3A10D61D07D74 /* PaperTableView.swift */; };
		C143C9F848CA1F82B914653C /* AnnotationService.swift in Sources */ = {isa = PBXBuildFile; fileRef = A1190F7AF51184A02BE7D55D /* AnnotationService.swift */; };
		C3EC5DE351A6001DAF0CFE2B /* LaTeXEditorTypes.swift in Sources */ = {isa = PBXBuildFile; fileRef = 46B7B5349924068C037B75EE /* LaTeXEditorTypes.swift */; };
		C5F0ACCCC4A8CA7C4127C5C7 /* CodeRunService.swift in Sources */ = {isa = PBXBuildFile; fileRef = 1A9B7478F30A459BFAEEA8F7 /* CodeRunService.swift */; };
		C6B70CAEA7F3EDC17BEFCE75 /* ClaudeCLIWrapperService.swift in Sources */ = {isa = PBXBuildFile; fileRef = 79F2AFB9672171E0D8B26550 /* ClaudeCLIWrapperService.swift */; };
		C7893434C9E0B39FF0EBC5D1 /* LaTeXEditorSidebarComponents.swift in Sources */ = {isa = PBXBuildFile; fileRef = FB90C535BA2C1F3E24650F81 /* LaTeXEditorSidebarComponents.swift */; };
		C93CB667735089A3825C9E48 /* CompilationErrorView.swift in Sources */ = {isa = PBXBuildFile; fileRef = 8C7D3AE3E860936DB5CB1AE6 /* CompilationErrorView.swift */; };
		C970873C07645D6703C384B6 /* ChatMarkdownPolicy.swift in Sources */ = {isa = PBXBuildFile; fileRef = DBE937CC6E9F3F88708FD66B /* ChatMarkdownPolicy.swift */; };
		C9EBF369A5B91D99F94EE3AF /* SyncTeXService.swift in Sources */ = {isa = PBXBuildFile; fileRef = 8CD3FA75BF9C25FA63230DB4 /* SyncTeXService.swift */; };
		CA3F4A168A3C3EB102E6FE47 /* SelectionOverlayView.swift in Sources */ = {isa = PBXBuildFile; fileRef = 9AD029C9213831829CA33D75 /* SelectionOverlayView.swift */; };
		CA8210EA442BB5C7B991E685 /* CodeTextEditor.swift in Sources */ = {isa = PBXBuildFile; fileRef = 5B29836069A5EA8CAA41CDDE /* CodeTextEditor.swift */; };
		D5ED1FEED66E3569CBD3A3F4 /* ChatSolidificationTests.swift in Sources */ = {isa = PBXBuildFile; fileRef = 8FA4593E482ECD462DF9FFA8 /* ChatSolidificationTests.swift */; };
		D7290357A05443F17B944144 /* ChatMarkdownViews.swift in Sources */ = {isa = PBXBuildFile; fileRef = 0859BF98C5E6A5439606E6F6 /* ChatMarkdownViews.swift */; };
		D7B195A5A096BA88266FA781 /* BibTeXSerializer.swift in Sources */ = {isa = PBXBuildFile; fileRef = A829CED977845DDB8042D45C /* BibTeXSerializer.swift */; };
		DC524768FC0FE9132D96AF41 /* CodeSyntaxSupport.swift in Sources */ = {isa = PBXBuildFile; fileRef = 455079B786FB26CBD1E28853 /* CodeSyntaxSupport.swift */; };
		E282F51EE6ACB9CE12273AF4 /* LaTeXLandingView.swift in Sources */ = {isa = PBXBuildFile; fileRef = 60D85B0F6F272FE9FB671B5B /* LaTeXLandingView.swift */; };
		E2B72C2390C87872E4893FA2 /* ClipboardCitationService.swift in Sources */ = {isa = PBXBuildFile; fileRef = 84F5E69EE7A3B0F720B83B8C /* ClipboardCitationService.swift */; };
		E3D04912305A19669C61147F /* StandalonePDFView.swift in Sources */ = {isa = PBXBuildFile; fileRef = 293F7C980E5E160F1348EB20 /* StandalonePDFView.swift */; };
		E46AB8027D18A7CCB1660831 /* DirectoryEventMonitor.swift in Sources */ = {isa = PBXBuildFile; fileRef = 1ED6A374731ADD1C494DCDEB /* DirectoryEventMonitor.swift */; };
		E4BF571F2C72CF6B5DA9F513 /* ImageArtifactRepository.swift in Sources */ = {isa = PBXBuildFile; fileRef = 770C8EA54B75DAA627BCA017 /* ImageArtifactRepository.swift */; };
		E4CEBC85E4ADC05A4374A1AC /* CanopeApp.swift in Sources */ = {isa = PBXBuildFile; fileRef = A22CE0F3F75B2FB0F7F0FB46 /* CanopeApp.swift */; };
		E677B769BAD8B1A4B17C0844 /* TabBarComponents.swift in Sources */ = {isa = PBXBuildFile; fileRef = 299BF29CC1FF9600B34192DE /* TabBarComponents.swift */; };
		E961DA6526A566628D970803 /* LaTeXEditorContainer.swift in Sources */ = {isa = PBXBuildFile; fileRef = 04324231EDCC41DC5B45C566 /* LaTeXEditorContainer.swift */; };
		EC76229730BAB292488280B9 /* AppChrome.swift in Sources */ = {isa = PBXBuildFile; fileRef = C97A471E5ABAA4E7B828E80D /* AppChrome.swift */; };
		ECAC94B276E45F53265E9302 /* Paper.swift in Sources */ = {isa = PBXBuildFile; fileRef = 8A821013C94B5DDD27B1BDB9 /* Paper.swift */; };
		EEB926D196BA940638B631E0 /* LaTeXEditorBibliographyActions.swift in Sources */ = {isa = PBXBuildFile; fileRef = A6A6381BF5995C25448277AE /* LaTeXEditorBibliographyActions.swift */; };
		F14246A9D812FF0E8F672034 /* MainWindowTitleBarBehavior.swift in Sources */ = {isa = PBXBuildFile; fileRef = 0124D8B26DAB0457F43AB2B1 /* MainWindowTitleBarBehavior.swift */; };
		F1CC6A76F1AC90294F252EC5 /* AnnotationSidebarView.swift in Sources */ = {isa = PBXBuildFile; fileRef = 8BB1A62E7F2F664FEE636B9C /* AnnotationSidebarView.swift */; };
		F74892787DA534F3DBB01350 /* SwiftTerm in Frameworks */ = {isa = PBXBuildFile; productRef = 0FF9A7E95D32D7B623C4EF94 /* SwiftTerm */; };
		F834949A6B679FC3EC8A6F1D /* ReaderWindow.swift in Sources */ = {isa = PBXBuildFile; fileRef = 147D738B285299272F460392 /* ReaderWindow.swift */; };
		FE130E105ECA994104D8FF62 /* AIChatPanel.swift in Sources */ = {isa = PBXBuildFile; fileRef = 5006D63CF28C22E24CD82738 /* AIChatPanel.swift */; };
/* End PBXBuildFile section */

/* Begin PBXContainerItemProxy section */
		4B3202D919D811B71C4885B3 /* PBXContainerItemProxy */ = {
			isa = PBXContainerItemProxy;
			containerPortal = 7B790A845919FA23FFBEDF37 /* Project object */;
			proxyType = 1;
			remoteGlobalIDString = F0C86EDF4239FA94B80EEA1A;
			remoteInfo = Canope;
		};
/* End PBXContainerItemProxy section */

/* Begin PBXFileReference section */
		0124D8B26DAB0457F43AB2B1 /* MainWindowTitleBarBehavior.swift */ = {isa = PBXFileReference; lastKnownFileType = sourcecode.swift; path = MainWindowTitleBarBehavior.swift; sourceTree = "<group>"; };
		012CED37B0EE64872AC05361 /* UnifiedEditorFileOperations.swift */ = {isa = PBXFileReference; lastKnownFileType = sourcecode.swift; path = UnifiedEditorFileOperations.swift; sourceTree = "<group>"; };
		04324231EDCC41DC5B45C566 /* LaTeXEditorContainer.swift */ = {isa = PBXFileReference; lastKnownFileType = sourcecode.swift; path = LaTeXEditorContainer.swift; sourceTree = "<group>"; };
		046014EEA7227AD6E73526F5 /* NavigationTypes.swift */ = {isa = PBXFileReference; lastKnownFileType = sourcecode.swift; path = NavigationTypes.swift; sourceTree = "<group>"; };
		072AB3955BD28ED994A248C2 /* canope_claude_ide_bridge.py */ = {isa = PBXFileReference; lastKnownFileType = text.script.python; path = canope_claude_ide_bridge.py; sourceTree = "<group>"; };
		07E3E32FED9791404F430AF7 /* CitationKeyService.swift */ = {isa = PBXFileReference; lastKnownFileType = sourcecode.swift; path = CitationKeyService.swift; sourceTree = "<group>"; };
		083BC2D172129785C6152114 /* AnnotationTool.swift */ = {isa = PBXFileReference; lastKnownFileType = sourcecode.swift; path = AnnotationTool.swift; sourceTree = "<group>"; };
		0859BF98C5E6A5439606E6F6 /* ChatMarkdownViews.swift */ = {isa = PBXFileReference; lastKnownFileType = sourcecode.swift; path = ChatMarkdownViews.swift; sourceTree = "<group>"; };
		0A4DC9894C16B5FB4C79B498 /* PDFFileManager.swift */ = {isa = PBXFileReference; lastKnownFileType = sourcecode.swift; path = PDFFileManager.swift; sourceTree = "<group>"; };
		0B21195D75607F345C56AE4B /* BibliographyExportService.swift */ = {isa = PBXFileReference; lastKnownFileType = sourcecode.swift; path = BibliographyExportService.swift; sourceTree = "<group>"; };
		0E1AB66B0A3B251CFA072C38 /* LaTeXUnicode.swift */ = {isa = PBXFileReference; lastKnownFileType = sourcecode.swift; path = LaTeXUnicode.swift; sourceTree = "<group>"; };
		10CEB9D3C002C939383D24AB /* LaTeXUIState.swift */ = {isa = PBXFileReference; lastKnownFileType = sourcecode.swift; path = LaTeXUIState.swift; sourceTree = "<group>"; };
		123E29AEB8DFB9A9FE4DFD2D /* SessionPickerView.swift */ = {isa = PBXFileReference; lastKnownFileType = sourcecode.swift; path = SessionPickerView.swift; sourceTree = "<group>"; };
		132E2E5C613948B597078E88 /* CodexAppServerProvider.swift */ = {isa = PBXFileReference; lastKnownFileType = sourcecode.swift; path = CodexAppServerProvider.swift; sourceTree = "<group>"; };
		13A9A2F1AF101D865F019ED8 /* LaTeXToolbarComponents.swift */ = {isa = PBXFileReference; lastKnownFileType = sourcecode.swift; path = LaTeXToolbarComponents.swift; sourceTree = "<group>"; };
		147D738B285299272F460392 /* ReaderWindow.swift */ = {isa = PBXFileReference; lastKnownFileType = sourcecode.swift; path = ReaderWindow.swift; sourceTree = "<group>"; };
		15DC1B3735C2E1C0321A8F01 /* AIChatView.swift */ = {isa = PBXFileReference; lastKnownFileType = sourcecode.swift; path = AIChatView.swift; sourceTree = "<group>"; };
		1906D7A3427DFFCE569C97C8 /* AnnotationToolbar.swift */ = {isa = PBXFileReference; lastKnownFileType = sourcecode.swift; path = AnnotationToolbar.swift; sourceTree = "<group>"; };
		1A9B7478F30A459BFAEEA8F7 /* CodeRunService.swift */ = {isa = PBXFileReference; lastKnownFileType = sourcecode.swift; path = CodeRunService.swift; sourceTree = "<group>"; };
		1CCFB1D31C977634472B234D /* RecentTeXFilesStore.swift */ = {isa = PBXFileReference; lastKnownFileType = sourcecode.swift; path = RecentTeXFilesStore.swift; sourceTree = "<group>"; };
		1ED6A374731ADD1C494DCDEB /* DirectoryEventMonitor.swift */ = {isa = PBXFileReference; lastKnownFileType = sourcecode.swift; path = DirectoryEventMonitor.swift; sourceTree = "<group>"; };
		1F0E3A4CBD7E0C8753DA44D0 /* ClaudeService.swift */ = {isa = PBXFileReference; lastKnownFileType = sourcecode.swift; path = ClaudeService.swift; sourceTree = "<group>"; };
		221ACF8C5634C933DA0ACD86 /* RichMarkdownView.swift */ = {isa = PBXFileReference; lastKnownFileType = sourcecode.swift; path = RichMarkdownView.swift; sourceTree = "<group>"; };
		27294933C87499758E8F72AD /* MainWindowTabController.swift */ = {isa = PBXFileReference; lastKnownFileType = sourcecode.swift; path = MainWindowTabController.swift; sourceTree = "<group>"; };
		28C43470BF6EC95273414A17 /* MarkdownLiveEditor.swift */ = {isa = PBXFileReference; lastKnownFileType = sourcecode.swift; path = MarkdownLiveEditor.swift; sourceTree = "<group>"; };
		293F7C980E5E160F1348EB20 /* StandalonePDFView.swift */ = {isa = PBXFileReference; lastKnownFileType = sourcecode.swift; path = StandalonePDFView.swift; sourceTree = "<group>"; };
		299BF29CC1FF9600B34192DE /* TabBarComponents.swift */ = {isa = PBXFileReference; lastKnownFileType = sourcecode.swift; path = TabBarComponents.swift; sourceTree = "<group>"; };
		2E5778DD51ECC862B0E522E3 /* InteractivePDFView.swift */ = {isa = PBXFileReference; lastKnownFileType = sourcecode.swift; path = InteractivePDFView.swift; sourceTree = "<group>"; };
		32C6E1C98265B6FD8F69A4D6 /* FileBrowserView.swift */ = {isa = PBXFileReference; lastKnownFileType = sourcecode.swift; path = FileBrowserView.swift; sourceTree = "<group>"; };
		38C3B2C3057BF4BF27EA2E49 /* PDFPreviewView.swift */ = {isa = PBXFileReference; lastKnownFileType = sourcecode.swift; path = PDFPreviewView.swift; sourceTree = "<group>"; };
		3DA16CAB845F1F4C1A1223DD /* HeadlessChatProviding.swift */ = {isa = PBXFileReference; lastKnownFileType = sourcecode.swift; path = HeadlessChatProviding.swift; sourceTree = "<group>"; };
		3DEAC7B9756A5000BDA58583 /* ArtifactSupport.swift */ = {isa = PBXFileReference; lastKnownFileType = sourcecode.swift; path = ArtifactSupport.swift; sourceTree = "<group>"; };
		453D812A98854A78635A8BA6 /* ReferencePDFComponents.swift */ = {isa = PBXFileReference; lastKnownFileType = sourcecode.swift; path = ReferencePDFComponents.swift; sourceTree = "<group>"; };
		455079B786FB26CBD1E28853 /* CodeSyntaxSupport.swift */ = {isa = PBXFileReference; lastKnownFileType = sourcecode.swift; path = CodeSyntaxSupport.swift; sourceTree = "<group>"; };
		46B7B5349924068C037B75EE /* LaTeXEditorTypes.swift */ = {isa = PBXFileReference; lastKnownFileType = sourcecode.swift; path = LaTeXEditorTypes.swift; sourceTree = "<group>"; };
		46E0CF6500C50097F0D77FF5 /* ClaudeIDEBridgeService.swift */ = {isa = PBXFileReference; lastKnownFileType = sourcecode.swift; path = ClaudeIDEBridgeService.swift; sourceTree = "<group>"; };
		49047073DF53BF3E31133AC2 /* LaTeXAnnotationNoteSheet.swift */ = {isa = PBXFileReference; lastKnownFileType = sourcecode.swift; path = LaTeXAnnotationNoteSheet.swift; sourceTree = "<group>"; };
		4BF6482676052643C5005496 /* ChildProcessRegistry.swift */ = {isa = PBXFileReference; lastKnownFileType = sourcecode.swift; path = ChildProcessRegistry.swift; sourceTree = "<group>"; };
		4DC4699D30A80C554574BB3A /* PDFAnnotationMarkdownExporter.swift */ = {isa = PBXFileReference; lastKnownFileType = sourcecode.swift; path = PDFAnnotationMarkdownExporter.swift; sourceTree = "<group>"; };
		5006D63CF28C22E24CD82738 /* AIChatPanel.swift */ = {isa = PBXFileReference; lastKnownFileType = sourcecode.swift; path = AIChatPanel.swift; sourceTree = "<group>"; };
		57B5C6B9A75697EC4A079BDC /* Canope.app */ = {isa = PBXFileReference; explicitFileType = wrapper.application; includeInIndex = 0; path = Canope.app; sourceTree = BUILT_PRODUCTS_DIR; };
		59B07E152FE9E2BF485A696A /* ProcessSupport.swift */ = {isa = PBXFileReference; lastKnownFileType = sourcecode.swift; path = ProcessSupport.swift; sourceTree = "<group>"; };
		5B29836069A5EA8CAA41CDDE /* CodeTextEditor.swift */ = {isa = PBXFileReference; lastKnownFileType = sourcecode.swift; path = CodeTextEditor.swift; sourceTree = "<group>"; };
		5BA67F9267B7A075D1567ECE /* MainWindow.swift */ = {isa = PBXFileReference; lastKnownFileType = sourcecode.swift; path = MainWindow.swift; sourceTree = "<group>"; };
		60D85B0F6F272FE9FB671B5B /* LaTeXLandingView.swift */ = {isa = PBXFileReference; lastKnownFileType = sourcecode.swift; path = LaTeXLandingView.swift; sourceTree = "<group>"; };
		64494B3369625558447F0913 /* LaTeXTextEditor.swift */ = {isa = PBXFileReference; lastKnownFileType = sourcecode.swift; path = LaTeXTextEditor.swift; sourceTree = "<group>"; };
		650A9684E43A16704D17EB30 /* SidebarView.swift */ = {isa = PBXFileReference; lastKnownFileType = sourcecode.swift; path = SidebarView.swift; sourceTree = "<group>"; };
		65641D21C00AF173744B276C /* BridgeCommandWatcher.swift */ = {isa = PBXFileReference; lastKnownFileType = sourcecode.swift; path = BridgeCommandWatcher.swift; sourceTree = "<group>"; };
		6618946B15E66FCAD408426A /* LaTeXEditorReferenceActions.swift */ = {isa = PBXFileReference; lastKnownFileType = sourcecode.swift; path = LaTeXEditorReferenceActions.swift; sourceTree = "<group>"; };
		68AF170C9C8810841C98EC66 /* SplitViewGrabHelper.swift */ = {isa = PBXFileReference; lastKnownFileType = sourcecode.swift; path = SplitViewGrabHelper.swift; sourceTree = "<group>"; };
		6E2E074A291DEEC80A5C0346 /* MarkdownFormatting.swift */ = {isa = PBXFileReference; lastKnownFileType = sourcecode.swift; path = MarkdownFormatting.swift; sourceTree = "<group>"; };
		6E3551EFCEDED294A25C2CF8 /* ThreePaneLayout.swift */ = {isa = PBXFileReference; lastKnownFileType = sourcecode.swift; path = ThreePaneLayout.swift; sourceTree = "<group>"; };
		6F5330808F861EA6C2686A88 /* PaperRowView.swift */ = {isa = PBXFileReference; lastKnownFileType = sourcecode.swift; path = PaperRowView.swift; sourceTree = "<group>"; };
		75DB6386D580EA00D1FCBD94 /* LaTeXAnnotation.swift */ = {isa = PBXFileReference; lastKnownFileType = sourcecode.swift; path = LaTeXAnnotation.swift; sourceTree = "<group>"; };
		770C8EA54B75DAA627BCA017 /* ImageArtifactRepository.swift */ = {isa = PBXFileReference; lastKnownFileType = sourcecode.swift; path = ImageArtifactRepository.swift; sourceTree = "<group>"; };
		78FF97BD833198CF2E966616 /* SwiftDataAndExportTests.swift */ = {isa = PBXFileReference; lastKnownFileType = sourcecode.swift; path = SwiftDataAndExportTests.swift; sourceTree = "<group>"; };
		79F2AFB9672171E0D8B26550 /* ClaudeCLIWrapperService.swift */ = {isa = PBXFileReference; lastKnownFileType = sourcecode.swift; path = ClaudeCLIWrapperService.swift; sourceTree = "<group>"; };
		7D23447DD7875D5F755F284E /* CanopeTests.xctest */ = {isa = PBXFileReference; explicitFileType = wrapper.cfbundle; includeInIndex = 0; path = CanopeTests.xctest; sourceTree = BUILT_PRODUCTS_DIR; };
		8096F8CCCE9D2A4786D22D0D /* PaperInfoPanel.swift */ = {isa = PBXFileReference; lastKnownFileType = sourcecode.swift; path = PaperInfoPanel.swift; sourceTree = "<group>"; };
		81D97CEA0194F1F4829E2E11 /* MarkdownBlockView.swift */ = {isa = PBXFileReference; lastKnownFileType = sourcecode.swift; path = MarkdownBlockView.swift; sourceTree = "<group>"; };
		82008C95D05B12E56942D883 /* BibliographyCommandRouter.swift */ = {isa = PBXFileReference; lastKnownFileType = sourcecode.swift; path = BibliographyCommandRouter.swift; sourceTree = "<group>"; };
		84F5E69EE7A3B0F720B83B8C /* ClipboardCitationService.swift */ = {isa = PBXFileReference; lastKnownFileType = sourcecode.swift; path = ClipboardCitationService.swift; sourceTree = "<group>"; };
		86E472B4EC8C837F4FB0A749 /* ShapeAnnotations.swift */ = {isa = PBXFileReference; lastKnownFileType = sourcecode.swift; path = ShapeAnnotations.swift; sourceTree = "<group>"; };
		87C72B0AB2DE4CB5ADFBD4F4 /* RatingView.swift */ = {isa = PBXFileReference; lastKnownFileType = sourcecode.swift; path = RatingView.swift; sourceTree = "<group>"; };
		888AB1D2ECB6F588E3C27898 /* DiffEngine.swift */ = {isa = PBXFileReference; lastKnownFileType = sourcecode.swift; path = DiffEngine.swift; sourceTree = "<group>"; };
		8916363DC1E3690D34899077 /* AppStrings.swift */ = {isa = PBXFileReference; lastKnownFileType = sourcecode.swift; path = AppStrings.swift; sourceTree = "<group>"; };
		8A821013C94B5DDD27B1BDB9 /* Paper.swift */ = {isa = PBXFileReference; lastKnownFileType = sourcecode.swift; path = Paper.swift; sourceTree = "<group>"; };
		8BB1A62E7F2F664FEE636B9C /* AnnotationSidebarView.swift */ = {isa = PBXFileReference; lastKnownFileType = sourcecode.swift; path = AnnotationSidebarView.swift; sourceTree = "<group>"; };
		8C7D3AE3E860936DB5CB1AE6 /* CompilationErrorView.swift */ = {isa = PBXFileReference; lastKnownFileType = sourcecode.swift; path = CompilationErrorView.swift; sourceTree = "<group>"; };
		8CD3FA75BF9C25FA63230DB4 /* SyncTeXService.swift */ = {isa = PBXFileReference; lastKnownFileType = sourcecode.swift; path = SyncTeXService.swift; sourceTree = "<group>"; };
		8E8747D09D0D2598E0346790 /* MarkdownEditorPreviewView.swift */ = {isa = PBXFileReference; lastKnownFileType = sourcecode.swift; path = MarkdownEditorPreviewView.swift; sourceTree = "<group>"; };
		8FA4593E482ECD462DF9FFA8 /* ChatSolidificationTests.swift */ = {isa = PBXFileReference; lastKnownFileType = sourcecode.swift; path = ChatSolidificationTests.swift; sourceTree = "<group>"; };
		9150735813E3A10D61D07D74 /* PaperTableView.swift */ = {isa = PBXFileReference; lastKnownFileType = sourcecode.swift; path = PaperTableView.swift; sourceTree = "<group>"; };
		9516CD22BCEDBB5CEC7272F9 /* ClaudeHeadlessProvider.swift */ = {isa = PBXFileReference; lastKnownFileType = sourcecode.swift; path = ClaudeHeadlessProvider.swift; sourceTree = "<group>"; };
		96986385B4F523201C2ACD51 /* WorkspaceState.swift */ = {isa = PBXFileReference; lastKnownFileType = sourcecode.swift; path = WorkspaceState.swift; sourceTree = "<group>"; };
		990C6DE7DF5D83B0FEF46EE9 /* PaperCollection.swift */ = {isa = PBXFileReference; lastKnownFileType = sourcecode.swift; path = PaperCollection.swift; sourceTree = "<group>"; };
		99A2DC0425870E2AB2A007BD /* PaperListView.swift */ = {isa = PBXFileReference; lastKnownFileType = sourcecode.swift; path = PaperListView.swift; sourceTree = "<group>"; };
		9A1D81331F539462C7C3673E /* LaTeXEditorPDFPane.swift */ = {isa = PBXFileReference; lastKnownFileType = sourcecode.swift; path = LaTeXEditorPDFPane.swift; sourceTree = "<group>"; };
		9AD029C9213831829CA33D75 /* SelectionOverlayView.swift */ = {isa = PBXFileReference; lastKnownFileType = sourcecode.swift; path = SelectionOverlayView.swift; sourceTree = "<group>"; };
		9B877091A70654C98A33D25D /* CanopeContextFiles.swift */ = {isa = PBXFileReference; lastKnownFileType = sourcecode.swift; path = CanopeContextFiles.swift; sourceTree = "<group>"; };
		A1190F7AF51184A02BE7D55D /* AnnotationService.swift */ = {isa = PBXFileReference; lastKnownFileType = sourcecode.swift; path = AnnotationService.swift; sourceTree = "<group>"; };
		A22CE0F3F75B2FB0F7F0FB46 /* CanopeApp.swift */ = {isa = PBXFileReference; lastKnownFileType = sourcecode.swift; path = CanopeApp.swift; sourceTree = "<group>"; };
		A6A6381BF5995C25448277AE /* LaTeXEditorBibliographyActions.swift */ = {isa = PBXFileReference; lastKnownFileType = sourcecode.swift; path = LaTeXEditorBibliographyActions.swift; sourceTree = "<group>"; };
		A829CED977845DDB8042D45C /* BibTeXSerializer.swift */ = {isa = PBXFileReference; lastKnownFileType = sourcecode.swift; path = BibTeXSerializer.swift; sourceTree = "<group>"; };
		AAA8E9FC6B60137A6822B07A /* AnnotationColor.swift */ = {isa = PBXFileReference; lastKnownFileType = sourcecode.swift; path = AnnotationColor.swift; sourceTree = "<group>"; };
		AC183AA81BFC67D388569EAC /* BibliographyCommands.swift */ = {isa = PBXFileReference; lastKnownFileType = sourcecode.swift; path = BibliographyCommands.swift; sourceTree = "<group>"; };
		B4E7451D1F83D2C977E175D1 /* AIHeadlessProvider.swift */ = {isa = PBXFileReference; lastKnownFileType = sourcecode.swift; path = AIHeadlessProvider.swift; sourceTree = "<group>"; };
		B57071B4DCB48AFE3F0C4E19 /* LaTeXEditorAnnotationExport.swift */ = {isa = PBXFileReference; lastKnownFileType = sourcecode.swift; path = LaTeXEditorAnnotationExport.swift; sourceTree = "<group>"; };
		B6863275D849EA554D73845B /* ChatMessage.swift */ = {isa = PBXFileReference; lastKnownFileType = sourcecode.swift; path = ChatMessage.swift; sourceTree = "<group>"; };
		B92D6B1F6294DD6EDD6414C0 /* EditorDocumentState.swift */ = {isa = PBXFileReference; lastKnownFileType = sourcecode.swift; path = EditorDocumentState.swift; sourceTree = "<group>"; };
		BF2088594C9985A874B328F3 /* PDFReaderView.swift */ = {isa = PBXFileReference; lastKnownFileType = sourcecode.swift; path = PDFReaderView.swift; sourceTree = "<group>"; };
		C2168A22984A0573806D7375 /* CodeOutputWorkspace.swift */ = {isa = PBXFileReference; lastKnownFileType = sourcecode.swift; path = CodeOutputWorkspace.swift; sourceTree = "<group>"; };
		C57612B1DBD072F8ECA3D83D /* WorkspaceSessionStore.swift */ = {isa = PBXFileReference; lastKnownFileType = sourcecode.swift; path = WorkspaceSessionStore.swift; sourceTree = "<group>"; };
		C97A471E5ABAA4E7B828E80D /* AppChrome.swift */ = {isa = PBXFileReference; lastKnownFileType = sourcecode.swift; path = AppChrome.swift; sourceTree = "<group>"; };
		CAED9E2A18A12DF28633AD06 /* CursorTrackingView.swift */ = {isa = PBXFileReference; lastKnownFileType = sourcecode.swift; path = CursorTrackingView.swift; sourceTree = "<group>"; };
		CE7CABB496A722FDA2F4D18E /* ClaudeIDESelectionState.swift */ = {isa = PBXFileReference; lastKnownFileType = sourcecode.swift; path = ClaudeIDESelectionState.swift; sourceTree = "<group>"; };
		CF070FD58C3AF62DE1BB997D /* Assets.xcassets */ = {isa = PBXFileReference; lastKnownFileType = folder.assetcatalog; path = Assets.xcassets; sourceTree = "<group>"; };
		D85697D00C8144CC24AF7621 /* UnifiedEditorAnnotations.swift */ = {isa = PBXFileReference; lastKnownFileType = sourcecode.swift; path = UnifiedEditorAnnotations.swift; sourceTree = "<group>"; };
		D8B83A592C289026BD042DF0 /* BibliographicRecord.swift */ = {isa = PBXFileReference; lastKnownFileType = sourcecode.swift; path = BibliographicRecord.swift; sourceTree = "<group>"; };
		D8FD75E4A5D68AC9725D6DFD /* AnnotationCursorFactory.swift */ = {isa = PBXFileReference; lastKnownFileType = sourcecode.swift; path = AnnotationCursorFactory.swift; sourceTree = "<group>"; };
		D9374D4066FF6C281C46D277 /* TextNoteEditorView.swift */ = {isa = PBXFileReference; lastKnownFileType = sourcecode.swift; path = TextNoteEditorView.swift; sourceTree = "<group>"; };
		DB6807CBA5694C83AE1A3317 /* LibraryView.swift */ = {isa = PBXFileReference; lastKnownFileType = sourcecode.swift; path = LibraryView.swift; sourceTree = "<group>"; };
		DBE937CC6E9F3F88708FD66B /* ChatMarkdownPolicy.swift */ = {isa = PBXFileReference; lastKnownFileType = sourcecode.swift; path = ChatMarkdownPolicy.swift; sourceTree = "<group>"; };
		DD29038B45F072F61CB07A2F /* ChatSpinner.swift */ = {isa = PBXFileReference; lastKnownFileType = sourcecode.swift; path = ChatSpinner.swift; sourceTree = "<group>"; };
		E33D2548F1DC7AA906538177 /* MarkdownPreviewRenderer.swift */ = {isa = PBXFileReference; lastKnownFileType = sourcecode.swift; path = MarkdownPreviewRenderer.swift; sourceTree = "<group>"; };
		ED0AD2020FB30E831985E99C /* UnifiedEditorExecutionActions.swift */ = {isa = PBXFileReference; lastKnownFileType = sourcecode.swift; path = UnifiedEditorExecutionActions.swift; sourceTree = "<group>"; };
		EFB6E522EEF43A3E8AF22C24 /* PDFDocumentRepository.swift */ = {isa = PBXFileReference; lastKnownFileType = sourcecode.swift; path = PDFDocumentRepository.swift; sourceTree = "<group>"; };
		F170D57B17CC00EA3EC557CD /* UnifiedEditorView.swift */ = {isa = PBXFileReference; lastKnownFileType = sourcecode.swift; path = UnifiedEditorView.swift; sourceTree = "<group>"; };
		F49AD7E417225E7720D493C5 /* PDFKitView.swift */ = {isa = PBXFileReference; lastKnownFileType = sourcecode.swift; path = PDFKitView.swift; sourceTree = "<group>"; };
		F63CE44FF6158ED19809BED5 /* MetadataExtractor.swift */ = {isa = PBXFileReference; lastKnownFileType = sourcecode.swift; path = MetadataExtractor.swift; sourceTree = "<group>"; };
		FAD312ECC61638F9C7416BE7 /* LaTeXCompiler.swift */ = {isa = PBXFileReference; lastKnownFileType = sourcecode.swift; path = LaTeXCompiler.swift; sourceTree = "<group>"; };
		FB24F2BDDAE23B5540AA08A1 /* ServiceParsingTests.swift */ = {isa = PBXFileReference; lastKnownFileType = sourcecode.swift; path = ServiceParsingTests.swift; sourceTree = "<group>"; };
		FB90C535BA2C1F3E24650F81 /* LaTeXEditorSidebarComponents.swift */ = {isa = PBXFileReference; lastKnownFileType = sourcecode.swift; path = LaTeXEditorSidebarComponents.swift; sourceTree = "<group>"; };
		FEE518A054DAC848B0958FB9 /* Canope.entitlements */ = {isa = PBXFileReference; lastKnownFileType = text.plist.entitlements; path = Canope.entitlements; sourceTree = "<group>"; };
/* End PBXFileReference section */

/* Begin PBXFrameworksBuildPhase section */
		8F78BF22A187932D0CE4D737 /* Frameworks */ = {
			isa = PBXFrameworksBuildPhase;
			buildActionMask = 2147483647;
			files = (
				F74892787DA534F3DBB01350 /* SwiftTerm in Frameworks */,
				3B3A24AE001C83466A0A4F5E /* diff-match-patch in Frameworks */,
			);
			runOnlyForDeploymentPostprocessing = 0;
		};
/* End PBXFrameworksBuildPhase section */

/* Begin PBXGroup section */
		2BF71743B8413C4DEE3765D7 /* Sidebar */ = {
			isa = PBXGroup;
			children = (
				650A9684E43A16704D17EB30 /* SidebarView.swift */,
			);
			path = Sidebar;
			sourceTree = "<group>";
		};
		33EF3321E27A3621B70B8AAB /* Products */ = {
			isa = PBXGroup;
			children = (
				57B5C6B9A75697EC4A079BDC /* Canope.app */,
				7D23447DD7875D5F755F284E /* CanopeTests.xctest */,
			);
			name = Products;
			sourceTree = "<group>";
		};
		49662C018D72668B1D91FCB6 /* Resources */ = {
			isa = PBXGroup;
			children = (
				CF070FD58C3AF62DE1BB997D /* Assets.xcassets */,
				FEE518A054DAC848B0958FB9 /* Canope.entitlements */,
			);
			path = Resources;
			sourceTree = "<group>";
		};
		4C0811FF90EA0D19327B7C08 /* CanopeTests */ = {
			isa = PBXGroup;
			children = (
				8FA4593E482ECD462DF9FFA8 /* ChatSolidificationTests.swift */,
				FB24F2BDDAE23B5540AA08A1 /* ServiceParsingTests.swift */,
				78FF97BD833198CF2E966616 /* SwiftDataAndExportTests.swift */,
			);
			path = CanopeTests;
			sourceTree = "<group>";
		};
		5114683852A53BA95B5D06E2 /* Canope */ = {
			isa = PBXGroup;
			children = (
				A7EBC95C6D8BFDDF343C4E1D /* Models */,
				49662C018D72668B1D91FCB6 /* Resources */,
				A1E776E22E3D4367C383F170 /* Services */,
				9747B6C4C119FD16E5789244 /* Utilities */,
				5F63D25877FA6AA422DF574E /* Views */,
				A22CE0F3F75B2FB0F7F0FB46 /* CanopeApp.swift */,
				5BA67F9267B7A075D1567ECE /* MainWindow.swift */,
			);
			path = Canope;
			sourceTree = "<group>";
		};
		5A425925F95AB4B1D0AE339F /* scripts */ = {
			isa = PBXGroup;
			children = (
				072AB3955BD28ED994A248C2 /* canope_claude_ide_bridge.py */,
			);
			path = scripts;
			sourceTree = "<group>";
		};
		5F63D25877FA6AA422DF574E /* Views */ = {
			isa = PBXGroup;
			children = (
				F7EAD480FED159B972ABDA14 /* Chat */,
				76DA4F2EC828C78618BD2AA8 /* Common */,
				AF063CED64B981DE572D6805 /* Editor */,
				6A4DBFA620DB1F43B40862A8 /* Library */,
				5FD81183407C2DE1E0BBD0BC /* PaperList */,
				D31F790921C836ADB2CCBA52 /* PDFReader */,
				AC6AAFF6FDFDD55BDB1A234A /* Reader */,
				70B95C5C18A70743BAE2B150 /* Shared */,
				2BF71743B8413C4DEE3765D7 /* Sidebar */,
			);
			path = Views;
			sourceTree = "<group>";
		};
		5FD81183407C2DE1E0BBD0BC /* PaperList */ = {
			isa = PBXGroup;
			children = (
				99A2DC0425870E2AB2A007BD /* PaperListView.swift */,
				6F5330808F861EA6C2686A88 /* PaperRowView.swift */,
			);
			path = PaperList;
			sourceTree = "<group>";
		};
		6A4DBFA620DB1F43B40862A8 /* Library */ = {
			isa = PBXGroup;
			children = (
				DB6807CBA5694C83AE1A3317 /* LibraryView.swift */,
				8096F8CCCE9D2A4786D22D0D /* PaperInfoPanel.swift */,
				9150735813E3A10D61D07D74 /* PaperTableView.swift */,
			);
			path = Library;
			sourceTree = "<group>";
		};
		70B95C5C18A70743BAE2B150 /* Shared */ = {
			isa = PBXGroup;
			children = (
				C97A471E5ABAA4E7B828E80D /* AppChrome.swift */,
				8916363DC1E3690D34899077 /* AppStrings.swift */,
				AC183AA81BFC67D388569EAC /* BibliographyCommands.swift */,
				0124D8B26DAB0457F43AB2B1 /* MainWindowTitleBarBehavior.swift */,
				68AF170C9C8810841C98EC66 /* SplitViewGrabHelper.swift */,
				299BF29CC1FF9600B34192DE /* TabBarComponents.swift */,
				6E3551EFCEDED294A25C2CF8 /* ThreePaneLayout.swift */,
			);
			path = Shared;
			sourceTree = "<group>";
		};
		76DA4F2EC828C78618BD2AA8 /* Common */ = {
			isa = PBXGroup;
			children = (
				87C72B0AB2DE4CB5ADFBD4F4 /* RatingView.swift */,
			);
			path = Common;
			sourceTree = "<group>";
		};
		9747B6C4C119FD16E5789244 /* Utilities */ = {
			isa = PBXGroup;
			children = (
				AAA8E9FC6B60137A6822B07A /* AnnotationColor.swift */,
				083BC2D172129785C6152114 /* AnnotationTool.swift */,
				86E472B4EC8C837F4FB0A749 /* ShapeAnnotations.swift */,
			);
			path = Utilities;
			sourceTree = "<group>";
		};
		A1E776E22E3D4367C383F170 /* Services */ = {
			isa = PBXGroup;
			children = (
				B4E7451D1F83D2C977E175D1 /* AIHeadlessProvider.swift */,
				A1190F7AF51184A02BE7D55D /* AnnotationService.swift */,
				3DEAC7B9756A5000BDA58583 /* ArtifactSupport.swift */,
				D8B83A592C289026BD042DF0 /* BibliographicRecord.swift */,
				82008C95D05B12E56942D883 /* BibliographyCommandRouter.swift */,
				0B21195D75607F345C56AE4B /* BibliographyExportService.swift */,
				A829CED977845DDB8042D45C /* BibTeXSerializer.swift */,
				65641D21C00AF173744B276C /* BridgeCommandWatcher.swift */,
				9B877091A70654C98A33D25D /* CanopeContextFiles.swift */,
				4BF6482676052643C5005496 /* ChildProcessRegistry.swift */,
				07E3E32FED9791404F430AF7 /* CitationKeyService.swift */,
				79F2AFB9672171E0D8B26550 /* ClaudeCLIWrapperService.swift */,
				9516CD22BCEDBB5CEC7272F9 /* ClaudeHeadlessProvider.swift */,
				46E0CF6500C50097F0D77FF5 /* ClaudeIDEBridgeService.swift */,
				CE7CABB496A722FDA2F4D18E /* ClaudeIDESelectionState.swift */,
				1F0E3A4CBD7E0C8753DA44D0 /* ClaudeService.swift */,
				84F5E69EE7A3B0F720B83B8C /* ClipboardCitationService.swift */,
				1A9B7478F30A459BFAEEA8F7 /* CodeRunService.swift */,
				455079B786FB26CBD1E28853 /* CodeSyntaxSupport.swift */,
				132E2E5C613948B597078E88 /* CodexAppServerProvider.swift */,
				888AB1D2ECB6F588E3C27898 /* DiffEngine.swift */,
				1ED6A374731ADD1C494DCDEB /* DirectoryEventMonitor.swift */,
				770C8EA54B75DAA627BCA017 /* ImageArtifactRepository.swift */,
				FAD312ECC61638F9C7416BE7 /* LaTeXCompiler.swift */,
				10CEB9D3C002C939383D24AB /* LaTeXUIState.swift */,
				27294933C87499758E8F72AD /* MainWindowTabController.swift */,
				6E2E074A291DEEC80A5C0346 /* MarkdownFormatting.swift */,
				E33D2548F1DC7AA906538177 /* MarkdownPreviewRenderer.swift */,
				F63CE44FF6158ED19809BED5 /* MetadataExtractor.swift */,
				4DC4699D30A80C554574BB3A /* PDFAnnotationMarkdownExporter.swift */,
				EFB6E522EEF43A3E8AF22C24 /* PDFDocumentRepository.swift */,
				0A4DC9894C16B5FB4C79B498 /* PDFFileManager.swift */,
				59B07E152FE9E2BF485A696A /* ProcessSupport.swift */,
				1CCFB1D31C977634472B234D /* RecentTeXFilesStore.swift */,
				8CD3FA75BF9C25FA63230DB4 /* SyncTeXService.swift */,
				C57612B1DBD072F8ECA3D83D /* WorkspaceSessionStore.swift */,
				96986385B4F523201C2ACD51 /* WorkspaceState.swift */,
			);
			path = Services;
			sourceTree = "<group>";
		};
		A7EBC95C6D8BFDDF343C4E1D /* Models */ = {
			isa = PBXGroup;
			children = (
				B6863275D849EA554D73845B /* ChatMessage.swift */,
				75DB6386D580EA00D1FCBD94 /* LaTeXAnnotation.swift */,
				046014EEA7227AD6E73526F5 /* NavigationTypes.swift */,
				8A821013C94B5DDD27B1BDB9 /* Paper.swift */,
				990C6DE7DF5D83B0FEF46EE9 /* PaperCollection.swift */,
			);
			path = Models;
			sourceTree = "<group>";
		};
		AC6AAFF6FDFDD55BDB1A234A /* Reader */ = {
			isa = PBXGroup;
			children = (
				147D738B285299272F460392 /* ReaderWindow.swift */,
			);
			path = Reader;
			sourceTree = "<group>";
		};
		AF063CED64B981DE572D6805 /* Editor */ = {
			isa = PBXGroup;
			children = (
				C2168A22984A0573806D7375 /* CodeOutputWorkspace.swift */,
				5B29836069A5EA8CAA41CDDE /* CodeTextEditor.swift */,
				8C7D3AE3E860936DB5CB1AE6 /* CompilationErrorView.swift */,
				B92D6B1F6294DD6EDD6414C0 /* EditorDocumentState.swift */,
				32C6E1C98265B6FD8F69A4D6 /* FileBrowserView.swift */,
				49047073DF53BF3E31133AC2 /* LaTeXAnnotationNoteSheet.swift */,
				B57071B4DCB48AFE3F0C4E19 /* LaTeXEditorAnnotationExport.swift */,
				A6A6381BF5995C25448277AE /* LaTeXEditorBibliographyActions.swift */,
				04324231EDCC41DC5B45C566 /* LaTeXEditorContainer.swift */,
				9A1D81331F539462C7C3673E /* LaTeXEditorPDFPane.swift */,
				6618946B15E66FCAD408426A /* LaTeXEditorReferenceActions.swift */,
				FB90C535BA2C1F3E24650F81 /* LaTeXEditorSidebarComponents.swift */,
				46B7B5349924068C037B75EE /* LaTeXEditorTypes.swift */,
				60D85B0F6F272FE9FB671B5B /* LaTeXLandingView.swift */,
				64494B3369625558447F0913 /* LaTeXTextEditor.swift */,
				13A9A2F1AF101D865F019ED8 /* LaTeXToolbarComponents.swift */,
				8E8747D09D0D2598E0346790 /* MarkdownEditorPreviewView.swift */,
				28C43470BF6EC95273414A17 /* MarkdownLiveEditor.swift */,
				38C3B2C3057BF4BF27EA2E49 /* PDFPreviewView.swift */,
				453D812A98854A78635A8BA6 /* ReferencePDFComponents.swift */,
				D85697D00C8144CC24AF7621 /* UnifiedEditorAnnotations.swift */,
				ED0AD2020FB30E831985E99C /* UnifiedEditorExecutionActions.swift */,
				012CED37B0EE64872AC05361 /* UnifiedEditorFileOperations.swift */,
				F170D57B17CC00EA3EC557CD /* UnifiedEditorView.swift */,
			);
			path = Editor;
			sourceTree = "<group>";
		};
		D31F790921C836ADB2CCBA52 /* PDFReader */ = {
			isa = PBXGroup;
			children = (
				5006D63CF28C22E24CD82738 /* AIChatPanel.swift */,
				D8FD75E4A5D68AC9725D6DFD /* AnnotationCursorFactory.swift */,
				8BB1A62E7F2F664FEE636B9C /* AnnotationSidebarView.swift */,
				1906D7A3427DFFCE569C97C8 /* AnnotationToolbar.swift */,
				CAED9E2A18A12DF28633AD06 /* CursorTrackingView.swift */,
				2E5778DD51ECC862B0E522E3 /* InteractivePDFView.swift */,
				F49AD7E417225E7720D493C5 /* PDFKitView.swift */,
				BF2088594C9985A874B328F3 /* PDFReaderView.swift */,
				9AD029C9213831829CA33D75 /* SelectionOverlayView.swift */,
				293F7C980E5E160F1348EB20 /* StandalonePDFView.swift */,
				D9374D4066FF6C281C46D277 /* TextNoteEditorView.swift */,
			);
			path = PDFReader;
			sourceTree = "<group>";
		};
		F51108CA91D3FFF321C66235 = {
			isa = PBXGroup;
			children = (
				5114683852A53BA95B5D06E2 /* Canope */,
				4C0811FF90EA0D19327B7C08 /* CanopeTests */,
				5A425925F95AB4B1D0AE339F /* scripts */,
				33EF3321E27A3621B70B8AAB /* Products */,
			);
			sourceTree = "<group>";
		};
		F7EAD480FED159B972ABDA14 /* Chat */ = {
			isa = PBXGroup;
			children = (
				15DC1B3735C2E1C0321A8F01 /* AIChatView.swift */,
				DBE937CC6E9F3F88708FD66B /* ChatMarkdownPolicy.swift */,
				0859BF98C5E6A5439606E6F6 /* ChatMarkdownViews.swift */,
				DD29038B45F072F61CB07A2F /* ChatSpinner.swift */,
				3DA16CAB845F1F4C1A1223DD /* HeadlessChatProviding.swift */,
				0E1AB66B0A3B251CFA072C38 /* LaTeXUnicode.swift */,
				81D97CEA0194F1F4829E2E11 /* MarkdownBlockView.swift */,
				221ACF8C5634C933DA0ACD86 /* RichMarkdownView.swift */,
				123E29AEB8DFB9A9FE4DFD2D /* SessionPickerView.swift */,
			);
			path = Chat;
			sourceTree = "<group>";
		};
/* End PBXGroup section */

/* Begin PBXNativeTarget section */
		606667B679529759D6DF9781 /* CanopeTests */ = {
			isa = PBXNativeTarget;
			buildConfigurationList = 53294B241F972C4F9304745F /* Build configuration list for PBXNativeTarget "CanopeTests" */;
			buildPhases = (
				0C311EA6295E418571A41F17 /* Sources */,
			);
			buildRules = (
			);
			dependencies = (
				48B65D3F8D69540DE9F7A3F9 /* PBXTargetDependency */,
			);
			name = CanopeTests;
			packageProductDependencies = (
			);
			productName = CanopeTests;
			productReference = 7D23447DD7875D5F755F284E /* CanopeTests.xctest */;
			productType = "com.apple.product-type.bundle.unit-test";
		};
		F0C86EDF4239FA94B80EEA1A /* Canope */ = {
			isa = PBXNativeTarget;
			buildConfigurationList = 1FFF5599C584ABF9518E02F6 /* Build configuration list for PBXNativeTarget "Canope" */;
			buildPhases = (
				3379BF8034EE9B1BFF6A978E /* Sources */,
				AFD33FA0F8CF1F33DB10CE0D /* Resources */,
				8F78BF22A187932D0CE4D737 /* Frameworks */,
			);
			buildRules = (
			);
			dependencies = (
			);
			name = Canope;
			packageProductDependencies = (
				0FF9A7E95D32D7B623C4EF94 /* SwiftTerm */,
				A22AFD7EEA6F3B484C6AE288 /* diff-match-patch */,
			);
			productName = Canope;
			productReference = 57B5C6B9A75697EC4A079BDC /* Canope.app */;
			productType = "com.apple.product-type.application";
		};
/* End PBXNativeTarget section */

/* Begin PBXProject section */
		7B790A845919FA23FFBEDF37 /* Project object */ = {
			isa = PBXProject;
			attributes = {
				BuildIndependentTargetsInParallel = YES;
				LastUpgradeCheck = 1430;
				TargetAttributes = {
					F0C86EDF4239FA94B80EEA1A = {
						ProvisioningStyle = Automatic;
					};
				};
			};
			buildConfigurationList = B5E6B6F3FDA8C541FE3EBA02 /* Build configuration list for PBXProject "Canope" */;
			developmentRegion = en;
			hasScannedForEncodings = 0;
			knownRegions = (
				Base,
				en,
			);
			mainGroup = F51108CA91D3FFF321C66235;
			minimizedProjectReferenceProxies = 1;
			packageReferences = (
				ACD9D4335B9181F4171A0DAA /* XCRemoteSwiftPackageReference "DiffMatchPatch" */,
				6203F4860B398FA2B87F9570 /* XCRemoteSwiftPackageReference "SwiftTerm" */,
			);
			preferredProjectObjectVersion = 77;
			productRefGroup = 33EF3321E27A3621B70B8AAB /* Products */;
			projectDirPath = "";
			projectRoot = "";
			targets = (
				F0C86EDF4239FA94B80EEA1A /* Canope */,
				606667B679529759D6DF9781 /* CanopeTests */,
			);
		};
/* End PBXProject section */

/* Begin PBXResourcesBuildPhase section */
		AFD33FA0F8CF1F33DB10CE0D /* Resources */ = {
			isa = PBXResourcesBuildPhase;
			buildActionMask = 2147483647;
			files = (
				5C28940D18AE2A973DBCCA3C /* Assets.xcassets in Resources */,
				A10BF479A0655F2FB695D7EB /* canope_claude_ide_bridge.py in Resources */,
			);
			runOnlyForDeploymentPostprocessing = 0;
		};
/* End PBXResourcesBuildPhase section */

/* Begin PBXSourcesBuildPhase section */
		0C311EA6295E418571A41F17 /* Sources */ = {
			isa = PBXSourcesBuildPhase;
			buildActionMask = 2147483647;
			files = (
				D5ED1FEED66E3569CBD3A3F4 /* ChatSolidificationTests.swift in Sources */,
				8C3DEB6B453AF51C97EC537C /* ServiceParsingTests.swift in Sources */,
				8EC45354A9C24F26EB85A9D8 /* SwiftDataAndExportTests.swift in Sources */,
			);
			runOnlyForDeploymentPostprocessing = 0;
		};
		3379BF8034EE9B1BFF6A978E /* Sources */ = {
			isa = PBXSourcesBuildPhase;
			buildActionMask = 2147483647;
			files = (
				FE130E105ECA994104D8FF62 /* AIChatPanel.swift in Sources */,
				00760E4EB5F0D3170EB16F1D /* AIChatView.swift in Sources */,
				BE3D76265A86CFFB2CE2A157 /* AIHeadlessProvider.swift in Sources */,
				11C7CAFDE5222CAEB518DCE8 /* AnnotationColor.swift in Sources */,
				949854277CCAA69A13D285BF /* AnnotationCursorFactory.swift in Sources */,
				C143C9F848CA1F82B914653C /* AnnotationService.swift in Sources */,
				F1CC6A76F1AC90294F252EC5 /* AnnotationSidebarView.swift in Sources */,
				08C11D9AD3D55B9EEECCD694 /* AnnotationTool.swift in Sources */,
				2CC9CDCA03E977B2FAB69601 /* AnnotationToolbar.swift in Sources */,
				EC76229730BAB292488280B9 /* AppChrome.swift in Sources */,
				739882E43B9635963527D1DA /* AppStrings.swift in Sources */,
				1FA7680F94F064DD280D7C61 /* ArtifactSupport.swift in Sources */,
				D7B195A5A096BA88266FA781 /* BibTeXSerializer.swift in Sources */,
				03809DE46068B1249B9E3FB6 /* BibliographicRecord.swift in Sources */,
				6E893E157652FF2DAAB5111D /* BibliographyCommandRouter.swift in Sources */,
				08926612CCC6A55BF2B361C5 /* BibliographyCommands.swift in Sources */,
				4D2D63AF6E577FBCB73067AA /* BibliographyExportService.swift in Sources */,
				58BE54C5E0F8743CAD064A0B /* BridgeCommandWatcher.swift in Sources */,
				E4CEBC85E4ADC05A4374A1AC /* CanopeApp.swift in Sources */,
				9954FA03F5616D657AB55EA2 /* CanopeContextFiles.swift in Sources */,
				C970873C07645D6703C384B6 /* ChatMarkdownPolicy.swift in Sources */,
				D7290357A05443F17B944144 /* ChatMarkdownViews.swift in Sources */,
				B029D2C9BAE9A10FEF614973 /* ChatMessage.swift in Sources */,
				8FBB128A8486932DA0C8BCDC /* ChatSpinner.swift in Sources */,
				4C5AB91C6BB49CDBBDFE77CE /* ChildProcessRegistry.swift in Sources */,
				447727A09D887EC79884B52C /* CitationKeyService.swift in Sources */,
				C6B70CAEA7F3EDC17BEFCE75 /* ClaudeCLIWrapperService.swift in Sources */,
				9F067A1CA62636C40A701D9C /* ClaudeHeadlessProvider.swift in Sources */,
				BA1CC7C393692A6F0E92B75E /* ClaudeIDEBridgeService.swift in Sources */,
				5A5C3C970350B253F747E628 /* ClaudeIDESelectionState.swift in Sources */,
				1B24B40C25F526C875AF959A /* ClaudeService.swift in Sources */,
				E2B72C2390C87872E4893FA2 /* ClipboardCitationService.swift in Sources */,
				085341ECE38ECACB0EC9A1E7 /* CodeOutputWorkspace.swift in Sources */,
				C5F0ACCCC4A8CA7C4127C5C7 /* CodeRunService.swift in Sources */,
				DC524768FC0FE9132D96AF41 /* CodeSyntaxSupport.swift in Sources */,
				CA8210EA442BB5C7B991E685 /* CodeTextEditor.swift in Sources */,
				05BEB1132419192A0628D22C /* CodexAppServerProvider.swift in Sources */,
				C93CB667735089A3825C9E48 /* CompilationErrorView.swift in Sources */,
				0362F30C6A3AB582D90240D1 /* CursorTrackingView.swift in Sources */,
				7C8E8AF16DD8ABF9EF0C6FAE /* DiffEngine.swift in Sources */,
				E46AB8027D18A7CCB1660831 /* DirectoryEventMonitor.swift in Sources */,
				42CAC4A87F086C53AE16C27E /* EditorDocumentState.swift in Sources */,
				3AAF798637E4A87DB4061B44 /* FileBrowserView.swift in Sources */,
				70C75ABE02D9FD0C5D3AF412 /* HeadlessChatProviding.swift in Sources */,
				E4BF571F2C72CF6B5DA9F513 /* ImageArtifactRepository.swift in Sources */,
				8FF2D8D280A74E5EA19E0F24 /* InteractivePDFView.swift in Sources */,
				21F48FB74A057ABF3322903A /* LaTeXAnnotation.swift in Sources */,
				3C6F9350D0458B3FC6F28B68 /* LaTeXAnnotationNoteSheet.swift in Sources */,
				563C0ED08E10FB592419D207 /* LaTeXCompiler.swift in Sources */,
				B19CA309BF8858244F4FDCE8 /* LaTeXEditorAnnotationExport.swift in Sources */,
				EEB926D196BA940638B631E0 /* LaTeXEditorBibliographyActions.swift in Sources */,
				E961DA6526A566628D970803 /* LaTeXEditorContainer.swift in Sources */,
				A605E18AA76EE105F898A2AE /* LaTeXEditorPDFPane.swift in Sources */,
				6E95467401766C2F88815BCD /* LaTeXEditorReferenceActions.swift in Sources */,
				C7893434C9E0B39FF0EBC5D1 /* LaTeXEditorSidebarComponents.swift in Sources */,
				C3EC5DE351A6001DAF0CFE2B /* LaTeXEditorTypes.swift in Sources */,
				E282F51EE6ACB9CE12273AF4 /* LaTeXLandingView.swift in Sources */,
				BA26CC6387AE6CC2E7447200 /* LaTeXTextEditor.swift in Sources */,
				0C3042306404BE1982B18799 /* LaTeXToolbarComponents.swift in Sources */,
				9B97BD5EED1DE5B084284D09 /* LaTeXUIState.swift in Sources */,
				279F6A45E8847EC75E797096 /* LaTeXUnicode.swift in Sources */,
				BA4F8E1EC05941E3D78F64CF /* LibraryView.swift in Sources */,
				5758CFDE7E5BD7CDB63CE42D /* MainWindow.swift in Sources */,
				BAC7E6254D074088B2207B2B /* MainWindowTabController.swift in Sources */,
				F14246A9D812FF0E8F672034 /* MainWindowTitleBarBehavior.swift in Sources */,
				095E8A059F42ED68E68962F4 /* MarkdownBlockView.swift in Sources */,
				5F0DBB2FD861D5AD77E6ADC2 /* MarkdownEditorPreviewView.swift in Sources */,
				5D74AA253AD2BD102297AA51 /* MarkdownFormatting.swift in Sources */,
				4924B513DC2546A11533638F /* MarkdownLiveEditor.swift in Sources */,
				AC71B1B032FCC7FC91511099 /* MarkdownPreviewRenderer.swift in Sources */,
				BF63157CD6C69DE2472A3C0B /* MetadataExtractor.swift in Sources */,
				46604D86F75C2FA8E8CFF70B /* NavigationTypes.swift in Sources */,
				9D883E9407E041B255B54B3C /* PDFAnnotationMarkdownExporter.swift in Sources */,
				45740871ADDE8C1D2A6BFAEC /* PDFDocumentRepository.swift in Sources */,
				B16CD80407DDAF29CB6A131C /* PDFFileManager.swift in Sources */,
				AB47630463A76B43C287698A /* PDFKitView.swift in Sources */,
				A3D3FF987F65AFE09623739A /* PDFPreviewView.swift in Sources */,
				14482E7BB530827BBA82E7B1 /* PDFReaderView.swift in Sources */,
				ECAC94B276E45F53265E9302 /* Paper.swift in Sources */,
				197D9DDD43AACFF32FEA8A22 /* PaperCollection.swift in Sources */,
				20EEBD23B2A917649748661B /* PaperInfoPanel.swift in Sources */,
				24F2D588DE8FEC5A8627F220 /* PaperListView.swift in Sources */,
				06EE728427877B00AFBB8D0A /* PaperRowView.swift in Sources */,
				C0CCD66691C04566F42D8A46 /* PaperTableView.swift in Sources */,
				5417CF5CFD9C6A163238399D /* ProcessSupport.swift in Sources */,
				A9928870D20F145473EB59BA /* RatingView.swift in Sources */,
				F834949A6B679FC3EC8A6F1D /* ReaderWindow.swift in Sources */,
				05DC7906E8C40724A4AD9E41 /* RecentTeXFilesStore.swift in Sources */,
				3C7F8F4C59A8487A06693974 /* ReferencePDFComponents.swift in Sources */,
				42AD09DF307CDFE216658713 /* RichMarkdownView.swift in Sources */,
				CA3F4A168A3C3EB102E6FE47 /* SelectionOverlayView.swift in Sources */,
				83AB14EC9BBFAD46A828C0E0 /* SessionPickerView.swift in Sources */,
				676D9C605B9AB759B62B8459 /* ShapeAnnotations.swift in Sources */,
				47901DCCA17ED3B6787099A7 /* SidebarView.swift in Sources */,
				A6F49C0AA6B11002FE08720F /* SplitViewGrabHelper.swift in Sources */,
				E3D04912305A19669C61147F /* StandalonePDFView.swift in Sources */,
				C9EBF369A5B91D99F94EE3AF /* SyncTeXService.swift in Sources */,
				E677B769BAD8B1A4B17C0844 /* TabBarComponents.swift in Sources */,
				068F8F649D14185E05258883 /* TextNoteEditorView.swift in Sources */,
				BAA58AD3F47FBC5419FD4533 /* ThreePaneLayout.swift in Sources */,
				2B1F7F187BE645AE4D93C400 /* UnifiedEditorAnnotations.swift in Sources */,
				2FAB80B0254720625815F0CD /* UnifiedEditorExecutionActions.swift in Sources */,
				6A172AE0DDA83B7FF8F8B41D /* UnifiedEditorFileOperations.swift in Sources */,
				777E23C22D1D291C6EF3A714 /* UnifiedEditorView.swift in Sources */,
				992B2AE06A1940F4E500F096 /* WorkspaceSessionStore.swift in Sources */,
				1CF349C784559A1A75E1E643 /* WorkspaceState.swift in Sources */,
			);
			runOnlyForDeploymentPostprocessing = 0;
		};
/* End PBXSourcesBuildPhase section */

/* Begin PBXTargetDependency section */
		48B65D3F8D69540DE9F7A3F9 /* PBXTargetDependency */ = {
			isa = PBXTargetDependency;
			target = F0C86EDF4239FA94B80EEA1A /* Canope */;
			targetProxy = 4B3202D919D811B71C4885B3 /* PBXContainerItemProxy */;
		};
/* End PBXTargetDependency section */

/* Begin XCBuildConfiguration section */
		30706B69C60C53BDC0EF465E /* Debug */ = {
			isa = XCBuildConfiguration;
			buildSettings = {
				ASSETCATALOG_COMPILER_APPICON_NAME = AppIcon;
				CODE_SIGN_ENTITLEMENTS = Canope/Resources/Canope.entitlements;
				CODE_SIGN_IDENTITY = "-";
				CODE_SIGN_STYLE = Automatic;
				COMBINE_HIDPI_IMAGES = YES;
				CURRENT_PROJECT_VERSION = 9;
				ENABLE_HARDENED_RUNTIME = NO;
				GENERATE_INFOPLIST_FILE = YES;
				INFOPLIST_KEY_ApplePressAndHoldEnabled = NO;
				INFOPLIST_KEY_CFBundleDisplayName = Canope;
				INFOPLIST_KEY_LSApplicationCategoryType = "public.app-category.productivity";
				LD_RUNPATH_SEARCH_PATHS = (
					"$(inherited)",
					"@executable_path/../Frameworks",
				);
				MACOSX_DEPLOYMENT_TARGET = 14.0;
				MARKETING_VERSION = 0.4.2;
				PRODUCT_BUNDLE_IDENTIFIER = com.canope.app;
				PRODUCT_MODULE_NAME = Canope;
				PRODUCT_NAME = Canope;
				SDKROOT = macosx;
				SWIFT_VERSION = 6.0;
			};
			name = Debug;
		};
		625C850590BF357AC330EC8A /* Release */ = {
			isa = XCBuildConfiguration;
			buildSettings = {
				ALWAYS_SEARCH_USER_PATHS = NO;
				CLANG_ANALYZER_NONNULL = YES;
				CLANG_ANALYZER_NUMBER_OBJECT_CONVERSION = YES_AGGRESSIVE;
				CLANG_CXX_LANGUAGE_STANDARD = "gnu++14";
				CLANG_CXX_LIBRARY = "libc++";
				CLANG_ENABLE_MODULES = YES;
				CLANG_ENABLE_OBJC_ARC = YES;
				CLANG_ENABLE_OBJC_WEAK = YES;
				CLANG_WARN_BLOCK_CAPTURE_AUTORELEASING = YES;
				CLANG_WARN_BOOL_CONVERSION = YES;
				CLANG_WARN_COMMA = YES;
				CLANG_WARN_CONSTANT_CONVERSION = YES;
				CLANG_WARN_DEPRECATED_OBJC_IMPLEMENTATIONS = YES;
				CLANG_WARN_DIRECT_OBJC_ISA_USAGE = YES_ERROR;
				CLANG_WARN_DOCUMENTATION_COMMENTS = YES;
				CLANG_WARN_EMPTY_BODY = YES;
				CLANG_WARN_ENUM_CONVERSION = YES;
				CLANG_WARN_INFINITE_RECURSION = YES;
				CLANG_WARN_INT_CONVERSION = YES;
				CLANG_WARN_NON_LITERAL_NULL_CONVERSION = YES;
				CLANG_WARN_OBJC_IMPLICIT_RETAIN_SELF = YES;
				CLANG_WARN_OBJC_LITERAL_CONVERSION = YES;
				CLANG_WARN_OBJC_ROOT_CLASS = YES_ERROR;
				CLANG_WARN_QUOTED_INCLUDE_IN_FRAMEWORK_HEADER = YES;
				CLANG_WARN_RANGE_LOOP_ANALYSIS = YES;
				CLANG_WARN_STRICT_PROTOTYPES = YES;
				CLANG_WARN_SUSPICIOUS_MOVE = YES;
				CLANG_WARN_UNGUARDED_AVAILABILITY = YES_AGGRESSIVE;
				CLANG_WARN_UNREACHABLE_CODE = YES;
				CLANG_WARN__DUPLICATE_METHOD_MATCH = YES;
				COPY_PHASE_STRIP = NO;
				DEBUG_INFORMATION_FORMAT = "dwarf-with-dsym";
				ENABLE_NS_ASSERTIONS = NO;
				ENABLE_STRICT_OBJC_MSGSEND = YES;
				GCC_C_LANGUAGE_STANDARD = gnu11;
				GCC_NO_COMMON_BLOCKS = YES;
				GCC_WARN_64_TO_32_BIT_CONVERSION = YES;
				GCC_WARN_ABOUT_RETURN_TYPE = YES_ERROR;
				GCC_WARN_UNDECLARED_SELECTOR = YES;
				GCC_WARN_UNINITIALIZED_AUTOS = YES_AGGRESSIVE;
				GCC_WARN_UNUSED_FUNCTION = YES;
				GCC_WARN_UNUSED_VARIABLE = YES;
				MACOSX_DEPLOYMENT_TARGET = 14.0;
				MTL_ENABLE_DEBUG_INFO = NO;
				MTL_FAST_MATH = YES;
				PRODUCT_NAME = "$(TARGET_NAME)";
				SDKROOT = macosx;
				SWIFT_COMPILATION_MODE = wholemodule;
				SWIFT_OPTIMIZATION_LEVEL = "-O";
				SWIFT_VERSION = 5.0;
			};
			name = Release;
		};
		662D64E32F89F88548099A9A /* Debug */ = {
			isa = XCBuildConfiguration;
			buildSettings = {
				ALWAYS_SEARCH_USER_PATHS = NO;
				CLANG_ANALYZER_NONNULL = YES;
				CLANG_ANALYZER_NUMBER_OBJECT_CONVERSION = YES_AGGRESSIVE;
				CLANG_CXX_LANGUAGE_STANDARD = "gnu++14";
				CLANG_CXX_LIBRARY = "libc++";
				CLANG_ENABLE_MODULES = YES;
				CLANG_ENABLE_OBJC_ARC = YES;
				CLANG_ENABLE_OBJC_WEAK = YES;
				CLANG_WARN_BLOCK_CAPTURE_AUTORELEASING = YES;
				CLANG_WARN_BOOL_CONVERSION = YES;
				CLANG_WARN_COMMA = YES;
				CLANG_WARN_CONSTANT_CONVERSION = YES;
				CLANG_WARN_DEPRECATED_OBJC_IMPLEMENTATIONS = YES;
				CLANG_WARN_DIRECT_OBJC_ISA_USAGE = YES_ERROR;
				CLANG_WARN_DOCUMENTATION_COMMENTS = YES;
				CLANG_WARN_EMPTY_BODY = YES;
				CLANG_WARN_ENUM_CONVERSION = YES;
				CLANG_WARN_INFINITE_RECURSION = YES;
				CLANG_WARN_INT_CONVERSION = YES;
				CLANG_WARN_NON_LITERAL_NULL_CONVERSION = YES;
				CLANG_WARN_OBJC_IMPLICIT_RETAIN_SELF = YES;
				CLANG_WARN_OBJC_LITERAL_CONVERSION = YES;
				CLANG_WARN_OBJC_ROOT_CLASS = YES_ERROR;
				CLANG_WARN_QUOTED_INCLUDE_IN_FRAMEWORK_HEADER = YES;
				CLANG_WARN_RANGE_LOOP_ANALYSIS = YES;
				CLANG_WARN_STRICT_PROTOTYPES = YES;
				CLANG_WARN_SUSPICIOUS_MOVE = YES;
				CLANG_WARN_UNGUARDED_AVAILABILITY = YES_AGGRESSIVE;
				CLANG_WARN_UNREACHABLE_CODE = YES;
				CLANG_WARN__DUPLICATE_METHOD_MATCH = YES;
				COPY_PHASE_STRIP = NO;
				DEBUG_INFORMATION_FORMAT = dwarf;
				ENABLE_STRICT_OBJC_MSGSEND = YES;
				ENABLE_TESTABILITY = YES;
				GCC_C_LANGUAGE_STANDARD = gnu11;
				GCC_DYNAMIC_NO_PIC = NO;
				GCC_NO_COMMON_BLOCKS = YES;
				GCC_OPTIMIZATION_LEVEL = 0;
				GCC_PREPROCESSOR_DEFINITIONS = (
					"$(inherited)",
					"DEBUG=1",
				);
				GCC_WARN_64_TO_32_BIT_CONVERSION = YES;
				GCC_WARN_ABOUT_RETURN_TYPE = YES_ERROR;
				GCC_WARN_UNDECLARED_SELECTOR = YES;
				GCC_WARN_UNINITIALIZED_AUTOS = YES_AGGRESSIVE;
				GCC_WARN_UNUSED_FUNCTION = YES;
				GCC_WARN_UNUSED_VARIABLE = YES;
				MACOSX_DEPLOYMENT_TARGET = 14.0;
				MTL_ENABLE_DEBUG_INFO = INCLUDE_SOURCE;
				MTL_FAST_MATH = YES;
				ONLY_ACTIVE_ARCH = YES;
				PRODUCT_NAME = "$(TARGET_NAME)";
				SDKROOT = macosx;
				SWIFT_ACTIVE_COMPILATION_CONDITIONS = DEBUG;
				SWIFT_OPTIMIZATION_LEVEL = "-Onone";
				SWIFT_VERSION = 5.0;
			};
			name = Debug;
		};
		8FC4F0B88BC67994C0CD3143 /* Release */ = {
			isa = XCBuildConfiguration;
			buildSettings = {
				ASSETCATALOG_COMPILER_APPICON_NAME = AppIcon;
				CODE_SIGN_ENTITLEMENTS = Canope/Resources/Canope.entitlements;
				CODE_SIGN_IDENTITY = "-";
				CODE_SIGN_STYLE = Automatic;
				COMBINE_HIDPI_IMAGES = YES;
				CURRENT_PROJECT_VERSION = 9;
				ENABLE_HARDENED_RUNTIME = NO;
				GENERATE_INFOPLIST_FILE = YES;
				INFOPLIST_KEY_ApplePressAndHoldEnabled = NO;
				INFOPLIST_KEY_CFBundleDisplayName = Canope;
				INFOPLIST_KEY_LSApplicationCategoryType = "public.app-category.productivity";
				LD_RUNPATH_SEARCH_PATHS = (
					"$(inherited)",
					"@executable_path/../Frameworks",
				);
				MACOSX_DEPLOYMENT_TARGET = 14.0;
				MARKETING_VERSION = 0.4.2;
				PRODUCT_BUNDLE_IDENTIFIER = com.canope.app;
				PRODUCT_MODULE_NAME = Canope;
				PRODUCT_NAME = Canope;
				SDKROOT = macosx;
				SWIFT_VERSION = 6.0;
			};
			name = Release;
		};
		DCD655F28EC5FAF14272830F /* Debug */ = {
			isa = XCBuildConfiguration;
			buildSettings = {
				BUNDLE_LOADER = "$(TEST_HOST)";
				COMBINE_HIDPI_IMAGES = YES;
				GENERATE_INFOPLIST_FILE = YES;
				LD_RUNPATH_SEARCH_PATHS = (
					"$(inherited)",
					"@executable_path/../Frameworks",
					"@loader_path/../Frameworks",
				);
				MACOSX_DEPLOYMENT_TARGET = 14.0;
				PRODUCT_BUNDLE_IDENTIFIER = com.canope.app.tests;
				SDKROOT = macosx;
				SWIFT_VERSION = 6.0;
				TEST_HOST = "$(BUILT_PRODUCTS_DIR)/Canope.app/Contents/MacOS/Canope";
			};
			name = Debug;
		};
		E2F2B1868168809435C53F45 /* Release */ = {
			isa = XCBuildConfiguration;
			buildSettings = {
				BUNDLE_LOADER = "$(TEST_HOST)";
				COMBINE_HIDPI_IMAGES = YES;
				GENERATE_INFOPLIST_FILE = YES;
				LD_RUNPATH_SEARCH_PATHS = (
					"$(inherited)",
					"@executable_path/../Frameworks",
					"@loader_path/../Frameworks",
				);
				MACOSX_DEPLOYMENT_TARGET = 14.0;
				PRODUCT_BUNDLE_IDENTIFIER = com.canope.app.tests;
				SDKROOT = macosx;
				SWIFT_VERSION = 6.0;
				TEST_HOST = "$(BUILT_PRODUCTS_DIR)/Canope.app/Contents/MacOS/Canope";
			};
			name = Release;
		};
/* End XCBuildConfiguration section */

/* Begin XCConfigurationList section */
		1FFF5599C584ABF9518E02F6 /* Build configuration list for PBXNativeTarget "Canope" */ = {
			isa = XCConfigurationList;
			buildConfigurations = (
				30706B69C60C53BDC0EF465E /* Debug */,
				8FC4F0B88BC67994C0CD3143 /* Release */,
			);
			defaultConfigurationIsVisible = 0;
			defaultConfigurationName = Debug;
		};
		53294B241F972C4F9304745F /* Build configuration list for PBXNativeTarget "CanopeTests" */ = {
			isa = XCConfigurationList;
			buildConfigurations = (
				DCD655F28EC5FAF14272830F /* Debug */,
				E2F2B1868168809435C53F45 /* Release */,
			);
			defaultConfigurationIsVisible = 0;
			defaultConfigurationName = Debug;
		};
		B5E6B6F3FDA8C541FE3EBA02 /* Build configuration list for PBXProject "Canope" */ = {
			isa = XCConfigurationList;
			buildConfigurations = (
				662D64E32F89F88548099A9A /* Debug */,
				625C850590BF357AC330EC8A /* Release */,
			);
			defaultConfigurationIsVisible = 0;
			defaultConfigurationName = Debug;
		};
/* End XCConfigurationList section */

/* Begin XCRemoteSwiftPackageReference section */
		6203F4860B398FA2B87F9570 /* XCRemoteSwiftPackageReference "SwiftTerm" */ = {
			isa = XCRemoteSwiftPackageReference;
			repositoryURL = "https://github.com/migueldeicaza/SwiftTerm";
			requirement = {
				kind = upToNextMajorVersion;
				minimumVersion = 1.2.0;
			};
		};
		ACD9D4335B9181F4171A0DAA /* XCRemoteSwiftPackageReference "DiffMatchPatch" */ = {
			isa = XCRemoteSwiftPackageReference;
			repositoryURL = "https://github.com/PasiSalenius/DiffMatchPatch";
			requirement = {
				branch = main;
				kind = branch;
			};
		};
/* End XCRemoteSwiftPackageReference section */

/* Begin XCSwiftPackageProductDependency section */
		0FF9A7E95D32D7B623C4EF94 /* SwiftTerm */ = {
			isa = XCSwiftPackageProductDependency;
			package = 6203F4860B398FA2B87F9570 /* XCRemoteSwiftPackageReference "SwiftTerm" */;
			productName = SwiftTerm;
		};
		A22AFD7EEA6F3B484C6AE288 /* diff-match-patch */ = {
			isa = XCSwiftPackageProductDependency;
			package = ACD9D4335B9181F4171A0DAA /* XCRemoteSwiftPackageReference "DiffMatchPatch" */;
			productName = "diff-match-patch";
		};
/* End XCSwiftPackageProductDependency section */
	};
	rootObject = 7B790A845919FA23FFBEDF37 /* Project object */;
}
